
Microsoft Visual Studio Solution File, Format Version 12.00
# Visual Studio Express 2012 for Windows Desktop
Project("{8BC9CEB8-8B4A-11D0-8D11-00A0C91BC942}") = "20180911", "20180911\20180911.vcxproj", "{DDB44030-9DC5-4406-BA2D-AF46C81CF862}"
EndProject
Project("{8BC9CEB8-8B4A-11D0-8D11-00A0C91BC942}") = "20180911hello2", "20180911hello2\20180911hello2.vcxproj", "{FC5F4EB7-278A-43C0-9BD8-F39DC22579B5}"
EndProject
Project("{8BC9CEB8-8B4A-11D0-8D11-00A0C91BC942}") = "20181002변수자료형", "20181002변수자료형\20181002변수자료형.vcxproj", "{95D44434-D84A-4448-870B-8CD4BC98C225}"
EndProject
Project("{8BC9CEB8-8B4A-11D0-8D11-00A0C91BC942}") = "HW1-1", "HW1-1\HW1-1.vcxproj", "{CBE768E9-F834-4B66-8FFA-2327FE605A8D}"
EndProject
Project("{8BC9CEB8-8B4A-11D0-8D11-00A0C91BC942}") = "HW1-2", "HW1-2\HW1-2.vcxproj", "{A24095DA-884A-433D-A31B-1C94347BA6F9}"
EndProject
Project("{8BC9CEB8-8B4A-11D0-8D11-00A0C91BC942}") = "HW1-3", "HW1-3\HW1-3.vcxproj", "{B6FF7B3C-88E9-4CDD-98F7-0E9D1EAC1507}"
EndProject
Project("{8BC9CEB8-8B4A-11D0-8D11-00A0C91BC942}") = "HW1-4", "HW1-4\HW1-4.vcxproj", "{728DFA47-38DF-46DB-8562-746AD4F45AA1}"
EndProject
Project("{8BC9CEB8-8B4A-11D0-8D11-00A0C91BC942}") = "HW1-6", "HW1-6\HW1-6.vcxproj", "{0BB86550-27B5-4C92-AA51-C8C59A7B32FB}"
EndProject
Project("{8BC9CEB8-8B4A-11D0-8D11-00A0C91BC942}") = "20181016반복문 루프", "20181016반복문 루프\20181016반복문 루프.vcxproj", "{A034F0B0-FB59-43D0-A46C-5AEBB33AECCD}"
EndProject
Project("{8BC9CEB8-8B4A-11D0-8D11-00A0C91BC942}") = "HW2-1", "HW2-1\HW2-1.vcxproj", "{9E8D6E1C-9E63-4481-A3AA-D97A06746BC1}"
EndProject
Project("{8BC9CEB8-8B4A-11D0-8D11-00A0C91BC942}") = "HW2-2", "HW2-2\HW2-2.vcxproj", "{F000E4D4-0921-4D19-B562-A473022FB598}"
EndProject
Project("{8BC9CEB8-8B4A-11D0-8D11-00A0C91BC942}") = "HW2-3", "HW2-3\HW2-3.vcxproj", "{FB456A27-FA76-4EA6-BA02-F935A5426939}"
EndProject
Project("{8BC9CEB8-8B4A-11D0-8D11-00A0C91BC942}") = "HW2-4", "HW2-4\HW2-4.vcxproj", "{BF7ECF72-40C5-4223-A1EC-835F4FC6BE9F}"
EndProject
Project("{8BC9CEB8-8B4A-11D0-8D11-00A0C91BC942}") = "HW2-6", "HW2-6\HW2-6.vcxproj", "{8617874E-4350-4150-9319-80B09BDDBADE}"
EndProject
Project("{8BC9CEB8-8B4A-11D0-8D11-00A0C91BC942}") = "HW2-7", "HW2-7\HW2-7.vcxproj", "{E32E96CD-BAC0-4441-A0E0-EDCDAB8F10F7}"
EndProject
Project("{8BC9CEB8-8B4A-11D0-8D11-00A0C91BC942}") = "HW2-8", "HW2-8\HW2-8.vcxproj", "{32297B25-7AF9-4C9F-9590-535B0ACAA602}"
EndProject
Project("{8BC9CEB8-8B4A-11D0-8D11-00A0C91BC942}") = "HW2-9", "HW2-9\HW2-9.vcxproj", "{563820B8-E8F2-4A27-9F2B-C535D5BB13BE}"
EndProject
Project("{8BC9CEB8-8B4A-11D0-8D11-00A0C91BC942}") = "HW2-5", "HW2-5\HW2-5.vcxproj", "{E5DAE881-9863-4174-B0F7-1504AB9E9ACC}"
EndProject
Project("{8BC9CEB8-8B4A-11D0-8D11-00A0C91BC942}") = "HW2-10", "HW2-10\HW2-10.vcxproj", "{1C979FE9-B05B-4DCD-A01F-FC863063EB86}"
EndProject
Project("{8BC9CEB8-8B4A-11D0-8D11-00A0C91BC942}") = "HW2-11", "HW2-11\HW2-11.vcxproj", "{DB343F08-29FB-4AEE-89ED-BD75B6D37742}"
EndProject
Project("{8BC9CEB8-8B4A-11D0-8D11-00A0C91BC942}") = "HW2-12", "HW2-12\HW2-12.vcxproj", "{4B5EEFE1-632E-471A-B92C-3EF46CF8D865}"
EndProject
Project("{8BC9CEB8-8B4A-11D0-8D11-00A0C91BC942}") = "HW2-13", "HW2-13\HW2-13.vcxproj", "{42285365-65EC-439B-8F12-C22E2872B4D4}"
EndProject
Project("{8BC9CEB8-8B4A-11D0-8D11-00A0C91BC942}") = "HW2-14", "HW2-14\HW2-14.vcxproj", "{D3F1A097-EED6-41F8-A92C-1E5C1226C015}"
EndProject
Project("{8BC9CEB8-8B4A-11D0-8D11-00A0C91BC942}") = "HW2-15", "HW2-15\HW2-15.vcxproj", "{2347B71F-F3C0-4C49-8781-EBAE05E758CD}"
EndProject
Project("{8BC9CEB8-8B4A-11D0-8D11-00A0C91BC942}") = "HW2-16", "HW2-16\HW2-16.vcxproj", "{68FA8306-4F52-478B-B123-7ADF8642D464}"
EndProject
Project("{8BC9CEB8-8B4A-11D0-8D11-00A0C91BC942}") = "HW2-17", "HW2-17\HW2-17.vcxproj", "{4241998F-F084-438C-9F33-D7C70E0DC193}"
EndProject
Project("{8BC9CEB8-8B4A-11D0-8D11-00A0C91BC942}") = "HW2-18", "HW2-18\HW2-18.vcxproj", "{8E26B7F8-5516-4C4A-AD7D-1CA2FB91872A}"
EndProject
Project("{8BC9CEB8-8B4A-11D0-8D11-00A0C91BC942}") = "HW2-19", "HW2-19\HW2-19.vcxproj", "{34A8C8C0-5C7B-4FD7-AA0E-747C296CF196}"
EndProject
Project("{8BC9CEB8-8B4A-11D0-8D11-00A0C91BC942}") = "HW2-20", "HW2-20\HW2-20.vcxproj", "{5DA88DC6-BB8F-44A9-9B27-AC6EFF9D5591}"
EndProject
Project("{8BC9CEB8-8B4A-11D0-8D11-00A0C91BC942}") = "HW2-21", "HW2-21\HW2-21.vcxproj", "{4C325ACA-F763-4596-AE9D-4294C92EA5BA}"
EndProject
Project("{8BC9CEB8-8B4A-11D0-8D11-00A0C91BC942}") = "HW2-22", "HW2-22\HW2-22.vcxproj", "{F380EBE4-2D53-426E-9CA4-25A4404AB295}"
EndProject
Project("{8BC9CEB8-8B4A-11D0-8D11-00A0C91BC942}") = "HW2-23", "HW2-23\HW2-23.vcxproj", "{DC7382D3-F2FE-4F52-AD3B-580729AE7BFD}"
EndProject
Project("{8BC9CEB8-8B4A-11D0-8D11-00A0C91BC942}") = "HW2-24", "HW2-24\HW2-24.vcxproj", "{CC0D1913-223E-4998-9BDF-F41DDFFA0C2C}"
EndProject
Project("{8BC9CEB8-8B4A-11D0-8D11-00A0C91BC942}") = "유클리드 호제법", "유클리드 호제법\유클리드 호제법.vcxproj", "{35A62556-E404-4814-8579-9F6D0B7D69EA}"
EndProject
Project("{8BC9CEB8-8B4A-11D0-8D11-00A0C91BC942}") = "20181023 함수", "20181023 함수\20181023 함수.vcxproj", "{C0A0E0C3-588D-4F30-B8AF-ED7DE15DB407}"
EndProject
Project("{8BC9CEB8-8B4A-11D0-8D11-00A0C91BC942}") = "20181030 배열 array", "20181030 배열 array\20181030 배열 array.vcxproj", "{346775DA-400E-40F0-AEA5-44EBB5DB2EF4}"
EndProject
Project("{8BC9CEB8-8B4A-11D0-8D11-00A0C91BC942}") = "HW3-1", "HW3-1\HW3-1.vcxproj", "{5E0C3F39-3291-42D6-ABD7-F40303C5D1C8}"
EndProject
Project("{8BC9CEB8-8B4A-11D0-8D11-00A0C91BC942}") = "HW3-7", "HW3-7\HW3-7.vcxproj", "{19E2D5B6-5C07-43FA-B713-826EB563A4B4}"
EndProject
Global
	GlobalSection(SolutionConfigurationPlatforms) = preSolution
		Debug|Win32 = Debug|Win32
		Release|Win32 = Release|Win32
	EndGlobalSection
	GlobalSection(ProjectConfigurationPlatforms) = postSolution
		{DDB44030-9DC5-4406-BA2D-AF46C81CF862}.Debug|Win32.ActiveCfg = Debug|Win32
		{DDB44030-9DC5-4406-BA2D-AF46C81CF862}.Debug|Win32.Build.0 = Debug|Win32
		{DDB44030-9DC5-4406-BA2D-AF46C81CF862}.Release|Win32.ActiveCfg = Release|Win32
		{DDB44030-9DC5-4406-BA2D-AF46C81CF862}.Release|Win32.Build.0 = Release|Win32
		{FC5F4EB7-278A-43C0-9BD8-F39DC22579B5}.Debug|Win32.ActiveCfg = Debug|Win32
		{FC5F4EB7-278A-43C0-9BD8-F39DC22579B5}.Debug|Win32.Build.0 = Debug|Win32
		{FC5F4EB7-278A-43C0-9BD8-F39DC22579B5}.Release|Win32.ActiveCfg = Release|Win32
		{FC5F4EB7-278A-43C0-9BD8-F39DC22579B5}.Release|Win32.Build.0 = Release|Win32
		{95D44434-D84A-4448-870B-8CD4BC98C225}.Debug|Win32.ActiveCfg = Debug|Win32
		{95D44434-D84A-4448-870B-8CD4BC98C225}.Debug|Win32.Build.0 = Debug|Win32
		{95D44434-D84A-4448-870B-8CD4BC98C225}.Release|Win32.ActiveCfg = Release|Win32
		{95D44434-D84A-4448-870B-8CD4BC98C225}.Release|Win32.Build.0 = Release|Win32
		{CBE768E9-F834-4B66-8FFA-2327FE605A8D}.Debug|Win32.ActiveCfg = Debug|Win32
		{CBE768E9-F834-4B66-8FFA-2327FE605A8D}.Debug|Win32.Build.0 = Debug|Win32
		{CBE768E9-F834-4B66-8FFA-2327FE605A8D}.Release|Win32.ActiveCfg = Release|Win32
		{CBE768E9-F834-4B66-8FFA-2327FE605A8D}.Release|Win32.Build.0 = Release|Win32
		{A24095DA-884A-433D-A31B-1C94347BA6F9}.Debug|Win32.ActiveCfg = Debug|Win32
		{A24095DA-884A-433D-A31B-1C94347BA6F9}.Debug|Win32.Build.0 = Debug|Win32
		{A24095DA-884A-433D-A31B-1C94347BA6F9}.Release|Win32.ActiveCfg = Release|Win32
		{A24095DA-884A-433D-A31B-1C94347BA6F9}.Release|Win32.Build.0 = Release|Win32
		{B6FF7B3C-88E9-4CDD-98F7-0E9D1EAC1507}.Debug|Win32.ActiveCfg = Debug|Win32
		{B6FF7B3C-88E9-4CDD-98F7-0E9D1EAC1507}.Debug|Win32.Build.0 = Debug|Win32
		{B6FF7B3C-88E9-4CDD-98F7-0E9D1EAC1507}.Release|Win32.ActiveCfg = Release|Win32
		{B6FF7B3C-88E9-4CDD-98F7-0E9D1EAC1507}.Release|Win32.Build.0 = Release|Win32
		{728DFA47-38DF-46DB-8562-746AD4F45AA1}.Debug|Win32.ActiveCfg = Debug|Win32
		{728DFA47-38DF-46DB-8562-746AD4F45AA1}.Debug|Win32.Build.0 = Debug|Win32
		{728DFA47-38DF-46DB-8562-746AD4F45AA1}.Release|Win32.ActiveCfg = Release|Win32
		{728DFA47-38DF-46DB-8562-746AD4F45AA1}.Release|Win32.Build.0 = Release|Win32
		{0BB86550-27B5-4C92-AA51-C8C59A7B32FB}.Debug|Win32.ActiveCfg = Debug|Win32
		{0BB86550-27B5-4C92-AA51-C8C59A7B32FB}.Debug|Win32.Build.0 = Debug|Win32
		{0BB86550-27B5-4C92-AA51-C8C59A7B32FB}.Release|Win32.ActiveCfg = Release|Win32
		{0BB86550-27B5-4C92-AA51-C8C59A7B32FB}.Release|Win32.Build.0 = Release|Win32
		{A034F0B0-FB59-43D0-A46C-5AEBB33AECCD}.Debug|Win32.ActiveCfg = Debug|Win32
		{A034F0B0-FB59-43D0-A46C-5AEBB33AECCD}.Debug|Win32.Build.0 = Debug|Win32
		{A034F0B0-FB59-43D0-A46C-5AEBB33AECCD}.Release|Win32.ActiveCfg = Release|Win32
		{A034F0B0-FB59-43D0-A46C-5AEBB33AECCD}.Release|Win32.Build.0 = Release|Win32
		{9E8D6E1C-9E63-4481-A3AA-D97A06746BC1}.Debug|Win32.ActiveCfg = Debug|Win32
		{9E8D6E1C-9E63-4481-A3AA-D97A06746BC1}.Debug|Win32.Build.0 = Debug|Win32
		{9E8D6E1C-9E63-4481-A3AA-D97A06746BC1}.Release|Win32.ActiveCfg = Release|Win32
		{9E8D6E1C-9E63-4481-A3AA-D97A06746BC1}.Release|Win32.Build.0 = Release|Win32
		{F000E4D4-0921-4D19-B562-A473022FB598}.Debug|Win32.ActiveCfg = Debug|Win32
		{F000E4D4-0921-4D19-B562-A473022FB598}.Debug|Win32.Build.0 = Debug|Win32
		{F000E4D4-0921-4D19-B562-A473022FB598}.Release|Win32.ActiveCfg = Release|Win32
		{F000E4D4-0921-4D19-B562-A473022FB598}.Release|Win32.Build.0 = Release|Win32
		{FB456A27-FA76-4EA6-BA02-F935A5426939}.Debug|Win32.ActiveCfg = Debug|Win32
		{FB456A27-FA76-4EA6-BA02-F935A5426939}.Debug|Win32.Build.0 = Debug|Win32
		{FB456A27-FA76-4EA6-BA02-F935A5426939}.Release|Win32.ActiveCfg = Release|Win32
		{FB456A27-FA76-4EA6-BA02-F935A5426939}.Release|Win32.Build.0 = Release|Win32
		{BF7ECF72-40C5-4223-A1EC-835F4FC6BE9F}.Debug|Win32.ActiveCfg = Debug|Win32
		{BF7ECF72-40C5-4223-A1EC-835F4FC6BE9F}.Debug|Win32.Build.0 = Debug|Win32
		{BF7ECF72-40C5-4223-A1EC-835F4FC6BE9F}.Release|Win32.ActiveCfg = Release|Win32
		{BF7ECF72-40C5-4223-A1EC-835F4FC6BE9F}.Release|Win32.Build.0 = Release|Win32
		{8617874E-4350-4150-9319-80B09BDDBADE}.Debug|Win32.ActiveCfg = Debug|Win32
		{8617874E-4350-4150-9319-80B09BDDBADE}.Debug|Win32.Build.0 = Debug|Win32
		{8617874E-4350-4150-9319-80B09BDDBADE}.Release|Win32.ActiveCfg = Release|Win32
		{8617874E-4350-4150-9319-80B09BDDBADE}.Release|Win32.Build.0 = Release|Win32
		{E32E96CD-BAC0-4441-A0E0-EDCDAB8F10F7}.Debug|Win32.ActiveCfg = Debug|Win32
		{E32E96CD-BAC0-4441-A0E0-EDCDAB8F10F7}.Debug|Win32.Build.0 = Debug|Win32
		{E32E96CD-BAC0-4441-A0E0-EDCDAB8F10F7}.Release|Win32.ActiveCfg = Release|Win32
		{E32E96CD-BAC0-4441-A0E0-EDCDAB8F10F7}.Release|Win32.Build.0 = Release|Win32
		{32297B25-7AF9-4C9F-9590-535B0ACAA602}.Debug|Win32.ActiveCfg = Debug|Win32
		{32297B25-7AF9-4C9F-9590-535B0ACAA602}.Debug|Win32.Build.0 = Debug|Win32
		{32297B25-7AF9-4C9F-9590-535B0ACAA602}.Release|Win32.ActiveCfg = Release|Win32
		{32297B25-7AF9-4C9F-9590-535B0ACAA602}.Release|Win32.Build.0 = Release|Win32
		{563820B8-E8F2-4A27-9F2B-C535D5BB13BE}.Debug|Win32.ActiveCfg = Debug|Win32
		{563820B8-E8F2-4A27-9F2B-C535D5BB13BE}.Debug|Win32.Build.0 = Debug|Win32
		{563820B8-E8F2-4A27-9F2B-C535D5BB13BE}.Release|Win32.ActiveCfg = Release|Win32
		{563820B8-E8F2-4A27-9F2B-C535D5BB13BE}.Release|Win32.Build.0 = Release|Win32
		{E5DAE881-9863-4174-B0F7-1504AB9E9ACC}.Debug|Win32.ActiveCfg = Debug|Win32
		{E5DAE881-9863-4174-B0F7-1504AB9E9ACC}.Debug|Win32.Build.0 = Debug|Win32
		{E5DAE881-9863-4174-B0F7-1504AB9E9ACC}.Release|Win32.ActiveCfg = Release|Win32
		{E5DAE881-9863-4174-B0F7-1504AB9E9ACC}.Release|Win32.Build.0 = Release|Win32
		{1C979FE9-B05B-4DCD-A01F-FC863063EB86}.Debug|Win32.ActiveCfg = Debug|Win32
		{1C979FE9-B05B-4DCD-A01F-FC863063EB86}.Debug|Win32.Build.0 = Debug|Win32
		{1C979FE9-B05B-4DCD-A01F-FC863063EB86}.Release|Win32.ActiveCfg = Release|Win32
		{1C979FE9-B05B-4DCD-A01F-FC863063EB86}.Release|Win32.Build.0 = Release|Win32
		{DB343F08-29FB-4AEE-89ED-BD75B6D37742}.Debug|Win32.ActiveCfg = Debug|Win32
		{DB343F08-29FB-4AEE-89ED-BD75B6D37742}.Debug|Win32.Build.0 = Debug|Win32
		{DB343F08-29FB-4AEE-89ED-BD75B6D37742}.Release|Win32.ActiveCfg = Release|Win32
		{DB343F08-29FB-4AEE-89ED-BD75B6D37742}.Release|Win32.Build.0 = Release|Win32
		{4B5EEFE1-632E-471A-B92C-3EF46CF8D865}.Debug|Win32.ActiveCfg = Debug|Win32
		{4B5EEFE1-632E-471A-B92C-3EF46CF8D865}.Debug|Win32.Build.0 = Debug|Win32
		{4B5EEFE1-632E-471A-B92C-3EF46CF8D865}.Release|Win32.ActiveCfg = Release|Win32
		{4B5EEFE1-632E-471A-B92C-3EF46CF8D865}.Release|Win32.Build.0 = Release|Win32
		{42285365-65EC-439B-8F12-C22E2872B4D4}.Debug|Win32.ActiveCfg = Debug|Win32
		{42285365-65EC-439B-8F12-C22E2872B4D4}.Debug|Win32.Build.0 = Debug|Win32
		{42285365-65EC-439B-8F12-C22E2872B4D4}.Release|Win32.ActiveCfg = Release|Win32
		{42285365-65EC-439B-8F12-C22E2872B4D4}.Release|Win32.Build.0 = Release|Win32
		{D3F1A097-EED6-41F8-A92C-1E5C1226C015}.Debug|Win32.ActiveCfg = Debug|Win32
		{D3F1A097-EED6-41F8-A92C-1E5C1226C015}.Debug|Win32.Build.0 = Debug|Win32
		{D3F1A097-EED6-41F8-A92C-1E5C1226C015}.Release|Win32.ActiveCfg = Release|Win32
		{D3F1A097-EED6-41F8-A92C-1E5C1226C015}.Release|Win32.Build.0 = Release|Win32
		{2347B71F-F3C0-4C49-8781-EBAE05E758CD}.Debug|Win32.ActiveCfg = Debug|Win32
		{2347B71F-F3C0-4C49-8781-EBAE05E758CD}.Debug|Win32.Build.0 = Debug|Win32
		{2347B71F-F3C0-4C49-8781-EBAE05E758CD}.Release|Win32.ActiveCfg = Release|Win32
		{2347B71F-F3C0-4C49-8781-EBAE05E758CD}.Release|Win32.Build.0 = Release|Win32
		{68FA8306-4F52-478B-B123-7ADF8642D464}.Debug|Win32.ActiveCfg = Debug|Win32
		{68FA8306-4F52-478B-B123-7ADF8642D464}.Debug|Win32.Build.0 = Debug|Win32
		{68FA8306-4F52-478B-B123-7ADF8642D464}.Release|Win32.ActiveCfg = Release|Win32
		{68FA8306-4F52-478B-B123-7ADF8642D464}.Release|Win32.Build.0 = Release|Win32
		{4241998F-F084-438C-9F33-D7C70E0DC193}.Debug|Win32.ActiveCfg = Debug|Win32
		{4241998F-F084-438C-9F33-D7C70E0DC193}.Debug|Win32.Build.0 = Debug|Win32
		{4241998F-F084-438C-9F33-D7C70E0DC193}.Release|Win32.ActiveCfg = Release|Win32
		{4241998F-F084-438C-9F33-D7C70E0DC193}.Release|Win32.Build.0 = Release|Win32
		{8E26B7F8-5516-4C4A-AD7D-1CA2FB91872A}.Debug|Win32.ActiveCfg = Debug|Win32
		{8E26B7F8-5516-4C4A-AD7D-1CA2FB91872A}.Debug|Win32.Build.0 = Debug|Win32
		{8E26B7F8-5516-4C4A-AD7D-1CA2FB91872A}.Release|Win32.ActiveCfg = Release|Win32
		{8E26B7F8-5516-4C4A-AD7D-1CA2FB91872A}.Release|Win32.Build.0 = Release|Win32
		{34A8C8C0-5C7B-4FD7-AA0E-747C296CF196}.Debug|Win32.ActiveCfg = Debug|Win32
		{34A8C8C0-5C7B-4FD7-AA0E-747C296CF196}.Debug|Win32.Build.0 = Debug|Win32
		{34A8C8C0-5C7B-4FD7-AA0E-747C296CF196}.Release|Win32.ActiveCfg = Release|Win32
		{34A8C8C0-5C7B-4FD7-AA0E-747C296CF196}.Release|Win32.Build.0 = Release|Win32
		{5DA88DC6-BB8F-44A9-9B27-AC6EFF9D5591}.Debug|Win32.ActiveCfg = Debug|Win32
		{5DA88DC6-BB8F-44A9-9B27-AC6EFF9D5591}.Debug|Win32.Build.0 = Debug|Win32
		{5DA88DC6-BB8F-44A9-9B27-AC6EFF9D5591}.Release|Win32.ActiveCfg = Release|Win32
		{5DA88DC6-BB8F-44A9-9B27-AC6EFF9D5591}.Release|Win32.Build.0 = Release|Win32
		{4C325ACA-F763-4596-AE9D-4294C92EA5BA}.Debug|Win32.ActiveCfg = Debug|Win32
		{4C325ACA-F763-4596-AE9D-4294C92EA5BA}.Debug|Win32.Build.0 = Debug|Win32
		{4C325ACA-F763-4596-AE9D-4294C92EA5BA}.Release|Win32.ActiveCfg = Release|Win32
		{4C325ACA-F763-4596-AE9D-4294C92EA5BA}.Release|Win32.Build.0 = Release|Win32
		{F380EBE4-2D53-426E-9CA4-25A4404AB295}.Debug|Win32.ActiveCfg = Debug|Win32
		{F380EBE4-2D53-426E-9CA4-25A4404AB295}.Debug|Win32.Build.0 = Debug|Win32
		{F380EBE4-2D53-426E-9CA4-25A4404AB295}.Release|Win32.ActiveCfg = Release|Win32
		{F380EBE4-2D53-426E-9CA4-25A4404AB295}.Release|Win32.Build.0 = Release|Win32
		{DC7382D3-F2FE-4F52-AD3B-580729AE7BFD}.Debug|Win32.ActiveCfg = Debug|Win32
		{DC7382D3-F2FE-4F52-AD3B-580729AE7BFD}.Debug|Win32.Build.0 = Debug|Win32
		{DC7382D3-F2FE-4F52-AD3B-580729AE7BFD}.Release|Win32.ActiveCfg = Release|Win32
		{DC7382D3-F2FE-4F52-AD3B-580729AE7BFD}.Release|Win32.Build.0 = Release|Win32
		{CC0D1913-223E-4998-9BDF-F41DDFFA0C2C}.Debug|Win32.ActiveCfg = Debug|Win32
		{CC0D1913-223E-4998-9BDF-F41DDFFA0C2C}.Debug|Win32.Build.0 = Debug|Win32
		{CC0D1913-223E-4998-9BDF-F41DDFFA0C2C}.Release|Win32.ActiveCfg = Release|Win32
		{CC0D1913-223E-4998-9BDF-F41DDFFA0C2C}.Release|Win32.Build.0 = Release|Win32
		{35A62556-E404-4814-8579-9F6D0B7D69EA}.Debug|Win32.ActiveCfg = Debug|Win32
		{35A62556-E404-4814-8579-9F6D0B7D69EA}.Debug|Win32.Build.0 = Debug|Win32
		{35A62556-E404-4814-8579-9F6D0B7D69EA}.Release|Win32.ActiveCfg = Release|Win32
		{35A62556-E404-4814-8579-9F6D0B7D69EA}.Release|Win32.Build.0 = Release|Win32
		{C0A0E0C3-588D-4F30-B8AF-ED7DE15DB407}.Debug|Win32.ActiveCfg = Debug|Win32
		{C0A0E0C3-588D-4F30-B8AF-ED7DE15DB407}.Debug|Win32.Build.0 = Debug|Win32
		{C0A0E0C3-588D-4F30-B8AF-ED7DE15DB407}.Release|Win32.ActiveCfg = Release|Win32
		{C0A0E0C3-588D-4F30-B8AF-ED7DE15DB407}.Release|Win32.Build.0 = Release|Win32
		{346775DA-400E-40F0-AEA5-44EBB5DB2EF4}.Debug|Win32.ActiveCfg = Debug|Win32
		{346775DA-400E-40F0-AEA5-44EBB5DB2EF4}.Debug|Win32.Build.0 = Debug|Win32
		{346775DA-400E-40F0-AEA5-44EBB5DB2EF4}.Release|Win32.ActiveCfg = Release|Win32
		{346775DA-400E-40F0-AEA5-44EBB5DB2EF4}.Release|Win32.Build.0 = Release|Win32
		{5E0C3F39-3291-42D6-ABD7-F40303C5D1C8}.Debug|Win32.ActiveCfg = Debug|Win32
		{5E0C3F39-3291-42D6-ABD7-F40303C5D1C8}.Debug|Win32.Build.0 = Debug|Win32
		{5E0C3F39-3291-42D6-ABD7-F40303C5D1C8}.Release|Win32.ActiveCfg = Release|Win32
		{5E0C3F39-3291-42D6-ABD7-F40303C5D1C8}.Release|Win32.Build.0 = Release|Win32
		{19E2D5B6-5C07-43FA-B713-826EB563A4B4}.Debug|Win32.ActiveCfg = Debug|Win32
		{19E2D5B6-5C07-43FA-B713-826EB563A4B4}.Debug|Win32.Build.0 = Debug|Win32
		{19E2D5B6-5C07-43FA-B713-826EB563A4B4}.Release|Win32.ActiveCfg = Release|Win32
		{19E2D5B6-5C07-43FA-B713-826EB563A4B4}.Release|Win32.Build.0 = Release|Win32
	EndGlobalSection
	GlobalSection(SolutionProperties) = preSolution
		HideSolutionNode = FALSE
	EndGlobalSection
EndGlobal
